// !$*UTF8*$!
{
	archiveVersion = 1;
	classes = {
	};
	objectVersion = 51;
	objects = {

/* Begin PBXBuildFile section */
		96A2C3143263D5DE315E1475 /* Pods_iosTests.framework in Frameworks */ = {isa = PBXBuildFile; fileRef = 3CE87EF94BD901AE3E1B8A17 /* Pods_iosTests.framework */; };
		9AF689BAE0346E9E28FCADDC /* Pods_ios.framework in Frameworks */ = {isa = PBXBuildFile; fileRef = 0D470E1088EDC1E14DD8D0DA /* Pods_ios.framework */; };
		C6F16ABC6A02E9449EBD73C7 /* Pods_iosUITests.framework in Frameworks */ = {isa = PBXBuildFile; fileRef = BF43E3D35BF10AC50E199D89 /* Pods_iosUITests.framework */; };
		D5A5E0B0235DFDDE0035F58C /* ChatList.swift in Sources */ = {isa = PBXBuildFile; fileRef = D5A5E0AF235DFDDE0035F58C /* ChatList.swift */; };
		D5A5E0B2235E16C10035F58C /* ChatController.swift in Sources */ = {isa = PBXBuildFile; fileRef = D5A5E0B1235E16C10035F58C /* ChatController.swift */; };
		D5A5E0B4235E20BA0035F58C /* SceneDelegate.swift in Sources */ = {isa = PBXBuildFile; fileRef = D5A5E0B3235E20BA0035F58C /* SceneDelegate.swift */; };
		D5AA2E7D22B47D1000EDD654 /* AppDelegate.swift in Sources */ = {isa = PBXBuildFile; fileRef = D5AA2E7C22B47D1000EDD654 /* AppDelegate.swift */; };
		D5AA2E8422B47D1100EDD654 /* Assets.xcassets in Resources */ = {isa = PBXBuildFile; fileRef = D5AA2E8322B47D1100EDD654 /* Assets.xcassets */; };
		D5AA2E8722B47D1100EDD654 /* LaunchScreen.storyboard in Resources */ = {isa = PBXBuildFile; fileRef = D5AA2E8522B47D1100EDD654 /* LaunchScreen.storyboard */; };
		D5AA2E9222B47D1100EDD654 /* iosTests.swift in Sources */ = {isa = PBXBuildFile; fileRef = D5AA2E9122B47D1100EDD654 /* iosTests.swift */; };
		D5AA2E9D22B47D1100EDD654 /* iosUITests.swift in Sources */ = {isa = PBXBuildFile; fileRef = D5AA2E9C22B47D1100EDD654 /* iosUITests.swift */; };
/* End PBXBuildFile section */

/* Begin PBXContainerItemProxy section */
		D5AA2E8E22B47D1100EDD654 /* PBXContainerItemProxy */ = {
			isa = PBXContainerItemProxy;
			containerPortal = D5AA2E7122B47D1000EDD654 /* Project object */;
			proxyType = 1;
			remoteGlobalIDString = D5AA2E7822B47D1000EDD654;
			remoteInfo = ios;
		};
		D5AA2E9922B47D1100EDD654 /* PBXContainerItemProxy */ = {
			isa = PBXContainerItemProxy;
			containerPortal = D5AA2E7122B47D1000EDD654 /* Project object */;
			proxyType = 1;
			remoteGlobalIDString = D5AA2E7822B47D1000EDD654;
			remoteInfo = ios;
		};
/* End PBXContainerItemProxy section */

/* Begin PBXFileReference section */
		0D470E1088EDC1E14DD8D0DA /* Pods_ios.framework */ = {isa = PBXFileReference; explicitFileType = wrapper.framework; includeInIndex = 0; path = Pods_ios.framework; sourceTree = BUILT_PRODUCTS_DIR; };
		1A33513DF3E16DBEB78CE8F3 /* Pods-iosTests.release.xcconfig */ = {isa = PBXFileReference; includeInIndex = 1; lastKnownFileType = text.xcconfig; name = "Pods-iosTests.release.xcconfig"; path = "Target Support Files/Pods-iosTests/Pods-iosTests.release.xcconfig"; sourceTree = "<group>"; };
		3CE87EF94BD901AE3E1B8A17 /* Pods_iosTests.framework */ = {isa = PBXFileReference; explicitFileType = wrapper.framework; includeInIndex = 0; path = Pods_iosTests.framework; sourceTree = BUILT_PRODUCTS_DIR; };
		B7E00FE1B3A382309FE3235D /* Pods-iosUITests.release.xcconfig */ = {isa = PBXFileReference; includeInIndex = 1; lastKnownFileType = text.xcconfig; name = "Pods-iosUITests.release.xcconfig"; path = "Target Support Files/Pods-iosUITests/Pods-iosUITests.release.xcconfig"; sourceTree = "<group>"; };
		BB7A3CA3312FE2EF142BBB22 /* Pods-ios.release.xcconfig */ = {isa = PBXFileReference; includeInIndex = 1; lastKnownFileType = text.xcconfig; name = "Pods-ios.release.xcconfig"; path = "Target Support Files/Pods-ios/Pods-ios.release.xcconfig"; sourceTree = "<group>"; };
		BF43E3D35BF10AC50E199D89 /* Pods_iosUITests.framework */ = {isa = PBXFileReference; explicitFileType = wrapper.framework; includeInIndex = 0; path = Pods_iosUITests.framework; sourceTree = BUILT_PRODUCTS_DIR; };
		C49B236CAFD3CAEB97FC706A /* Pods-ios.debug.xcconfig */ = {isa = PBXFileReference; includeInIndex = 1; lastKnownFileType = text.xcconfig; name = "Pods-ios.debug.xcconfig"; path = "Target Support Files/Pods-ios/Pods-ios.debug.xcconfig"; sourceTree = "<group>"; };
		D120D6EF83067D5D50C95EE9 /* Pods-iosUITests.debug.xcconfig */ = {isa = PBXFileReference; includeInIndex = 1; lastKnownFileType = text.xcconfig; name = "Pods-iosUITests.debug.xcconfig"; path = "Target Support Files/Pods-iosUITests/Pods-iosUITests.debug.xcconfig"; sourceTree = "<group>"; };
		D5A5E0AF235DFDDE0035F58C /* ChatList.swift */ = {isa = PBXFileReference; lastKnownFileType = sourcecode.swift; path = ChatList.swift; sourceTree = "<group>"; };
		D5A5E0B1235E16C10035F58C /* ChatController.swift */ = {isa = PBXFileReference; lastKnownFileType = sourcecode.swift; path = ChatController.swift; sourceTree = "<group>"; };
		D5A5E0B3235E20BA0035F58C /* SceneDelegate.swift */ = {isa = PBXFileReference; lastKnownFileType = sourcecode.swift; path = SceneDelegate.swift; sourceTree = "<group>"; };
		D5AA2E7922B47D1000EDD654 /* ios.app */ = {isa = PBXFileReference; explicitFileType = wrapper.application; includeInIndex = 0; path = ios.app; sourceTree = BUILT_PRODUCTS_DIR; };
		D5AA2E7C22B47D1000EDD654 /* AppDelegate.swift */ = {isa = PBXFileReference; lastKnownFileType = sourcecode.swift; path = AppDelegate.swift; sourceTree = "<group>"; };
		D5AA2E8322B47D1100EDD654 /* Assets.xcassets */ = {isa = PBXFileReference; lastKnownFileType = folder.assetcatalog; path = Assets.xcassets; sourceTree = "<group>"; };
		D5AA2E8622B47D1100EDD654 /* Base */ = {isa = PBXFileReference; lastKnownFileType = file.storyboard; name = Base; path = Base.lproj/LaunchScreen.storyboard; sourceTree = "<group>"; };
		D5AA2E8822B47D1100EDD654 /* Info.plist */ = {isa = PBXFileReference; lastKnownFileType = text.plist.xml; path = Info.plist; sourceTree = "<group>"; };
		D5AA2E8D22B47D1100EDD654 /* iosTests.xctest */ = {isa = PBXFileReference; explicitFileType = wrapper.cfbundle; includeInIndex = 0; path = iosTests.xctest; sourceTree = BUILT_PRODUCTS_DIR; };
		D5AA2E9122B47D1100EDD654 /* iosTests.swift */ = {isa = PBXFileReference; lastKnownFileType = sourcecode.swift; path = iosTests.swift; sourceTree = "<group>"; };
		D5AA2E9322B47D1100EDD654 /* Info.plist */ = {isa = PBXFileReference; lastKnownFileType = text.plist.xml; path = Info.plist; sourceTree = "<group>"; };
		D5AA2E9822B47D1100EDD654 /* iosUITests.xctest */ = {isa = PBXFileReference; explicitFileType = wrapper.cfbundle; includeInIndex = 0; path = iosUITests.xctest; sourceTree = BUILT_PRODUCTS_DIR; };
		D5AA2E9C22B47D1100EDD654 /* iosUITests.swift */ = {isa = PBXFileReference; lastKnownFileType = sourcecode.swift; path = iosUITests.swift; sourceTree = "<group>"; };
		D5AA2E9E22B47D1100EDD654 /* Info.plist */ = {isa = PBXFileReference; lastKnownFileType = text.plist.xml; path = Info.plist; sourceTree = "<group>"; };
		EA79DA404FACDC2CF217F08F /* Pods-iosTests.debug.xcconfig */ = {isa = PBXFileReference; includeInIndex = 1; lastKnownFileType = text.xcconfig; name = "Pods-iosTests.debug.xcconfig"; path = "Target Support Files/Pods-iosTests/Pods-iosTests.debug.xcconfig"; sourceTree = "<group>"; };
/* End PBXFileReference section */

/* Begin PBXFrameworksBuildPhase section */
		D5AA2E7622B47D1000EDD654 /* Frameworks */ = {
			isa = PBXFrameworksBuildPhase;
			buildActionMask = 2147483647;
			files = (
				9AF689BAE0346E9E28FCADDC /* Pods_ios.framework in Frameworks */,
			);
			runOnlyForDeploymentPostprocessing = 0;
		};
		D5AA2E8A22B47D1100EDD654 /* Frameworks */ = {
			isa = PBXFrameworksBuildPhase;
			buildActionMask = 2147483647;
			files = (
				96A2C3143263D5DE315E1475 /* Pods_iosTests.framework in Frameworks */,
			);
			runOnlyForDeploymentPostprocessing = 0;
		};
		D5AA2E9522B47D1100EDD654 /* Frameworks */ = {
			isa = PBXFrameworksBuildPhase;
			buildActionMask = 2147483647;
			files = (
				C6F16ABC6A02E9449EBD73C7 /* Pods_iosUITests.framework in Frameworks */,
			);
			runOnlyForDeploymentPostprocessing = 0;
		};
/* End PBXFrameworksBuildPhase section */

/* Begin PBXGroup section */
		823650FD28CEF72DCB449F36 /* Frameworks */ = {
			isa = PBXGroup;
			children = (
				0D470E1088EDC1E14DD8D0DA /* Pods_ios.framework */,
				3CE87EF94BD901AE3E1B8A17 /* Pods_iosTests.framework */,
				BF43E3D35BF10AC50E199D89 /* Pods_iosUITests.framework */,
			);
			name = Frameworks;
			sourceTree = "<group>";
		};
		C7B01F6970E9F40F79F0F483 /* Pods */ = {
			isa = PBXGroup;
			children = (
				C49B236CAFD3CAEB97FC706A /* Pods-ios.debug.xcconfig */,
				BB7A3CA3312FE2EF142BBB22 /* Pods-ios.release.xcconfig */,
				EA79DA404FACDC2CF217F08F /* Pods-iosTests.debug.xcconfig */,
				1A33513DF3E16DBEB78CE8F3 /* Pods-iosTests.release.xcconfig */,
				D120D6EF83067D5D50C95EE9 /* Pods-iosUITests.debug.xcconfig */,
				B7E00FE1B3A382309FE3235D /* Pods-iosUITests.release.xcconfig */,
			);
			path = Pods;
			sourceTree = "<group>";
		};
		D5AA2E7022B47D1000EDD654 = {
			isa = PBXGroup;
			children = (
				D5AA2E7B22B47D1000EDD654 /* ios */,
				D5AA2E9022B47D1100EDD654 /* iosTests */,
				D5AA2E9B22B47D1100EDD654 /* iosUITests */,
				D5AA2E7A22B47D1000EDD654 /* Products */,
				C7B01F6970E9F40F79F0F483 /* Pods */,
				823650FD28CEF72DCB449F36 /* Frameworks */,
			);
			sourceTree = "<group>";
		};
		D5AA2E7A22B47D1000EDD654 /* Products */ = {
			isa = PBXGroup;
			children = (
				D5AA2E7922B47D1000EDD654 /* ios.app */,
				D5AA2E8D22B47D1100EDD654 /* iosTests.xctest */,
				D5AA2E9822B47D1100EDD654 /* iosUITests.xctest */,
			);
			name = Products;
			sourceTree = "<group>";
		};
		D5AA2E7B22B47D1000EDD654 /* ios */ = {
			isa = PBXGroup;
			children = (
				D5AA2E7C22B47D1000EDD654 /* AppDelegate.swift */,
				D5AA2E8322B47D1100EDD654 /* Assets.xcassets */,
				D5AA2E8522B47D1100EDD654 /* LaunchScreen.storyboard */,
				D5AA2E8822B47D1100EDD654 /* Info.plist */,
				D5A5E0AF235DFDDE0035F58C /* ChatList.swift */,
				D5A5E0B1235E16C10035F58C /* ChatController.swift */,
				D5A5E0B3235E20BA0035F58C /* SceneDelegate.swift */,
			);
			path = ios;
			sourceTree = "<group>";
		};
		D5AA2E9022B47D1100EDD654 /* iosTests */ = {
			isa = PBXGroup;
			children = (
				D5AA2E9122B47D1100EDD654 /* iosTests.swift */,
				D5AA2E9322B47D1100EDD654 /* Info.plist */,
			);
			path = iosTests;
			sourceTree = "<group>";
		};
		D5AA2E9B22B47D1100EDD654 /* iosUITests */ = {
			isa = PBXGroup;
			children = (
				D5AA2E9C22B47D1100EDD654 /* iosUITests.swift */,
				D5AA2E9E22B47D1100EDD654 /* Info.plist */,
			);
			path = iosUITests;
			sourceTree = "<group>";
		};
/* End PBXGroup section */

/* Begin PBXNativeTarget section */
		D5AA2E7822B47D1000EDD654 /* ios */ = {
			isa = PBXNativeTarget;
			buildConfigurationList = D5AA2EA122B47D1100EDD654 /* Build configuration list for PBXNativeTarget "ios" */;
			buildPhases = (
				2EB96D5605A9AEC8ED23F11E /* [CP] Check Pods Manifest.lock */,
				D5AA2E7522B47D1000EDD654 /* Sources */,
				D5AA2E7622B47D1000EDD654 /* Frameworks */,
				D5AA2E7722B47D1000EDD654 /* Resources */,
				D586F8BAFAEAA7DA1663B359 /* [CP] Embed Pods Frameworks */,
			);
			buildRules = (
			);
			dependencies = (
			);
			name = ios;
			productName = ios;
			productReference = D5AA2E7922B47D1000EDD654 /* ios.app */;
			productType = "com.apple.product-type.application";
		};
		D5AA2E8C22B47D1100EDD654 /* iosTests */ = {
			isa = PBXNativeTarget;
			buildConfigurationList = D5AA2EA422B47D1100EDD654 /* Build configuration list for PBXNativeTarget "iosTests" */;
			buildPhases = (
				D7FD9F671224247D8CE38A1E /* [CP] Check Pods Manifest.lock */,
				D5AA2E8922B47D1100EDD654 /* Sources */,
				D5AA2E8A22B47D1100EDD654 /* Frameworks */,
				D5AA2E8B22B47D1100EDD654 /* Resources */,
			);
			buildRules = (
			);
			dependencies = (
				D5AA2E8F22B47D1100EDD654 /* PBXTargetDependency */,
			);
			name = iosTests;
			productName = iosTests;
			productReference = D5AA2E8D22B47D1100EDD654 /* iosTests.xctest */;
			productType = "com.apple.product-type.bundle.unit-test";
		};
		D5AA2E9722B47D1100EDD654 /* iosUITests */ = {
			isa = PBXNativeTarget;
			buildConfigurationList = D5AA2EA722B47D1100EDD654 /* Build configuration list for PBXNativeTarget "iosUITests" */;
			buildPhases = (
				319F05DF54FCD250B315A5AF /* [CP] Check Pods Manifest.lock */,
				D5AA2E9422B47D1100EDD654 /* Sources */,
				D5AA2E9522B47D1100EDD654 /* Frameworks */,
				D5AA2E9622B47D1100EDD654 /* Resources */,
			);
			buildRules = (
			);
			dependencies = (
				D5AA2E9A22B47D1100EDD654 /* PBXTargetDependency */,
			);
			name = iosUITests;
			productName = iosUITests;
			productReference = D5AA2E9822B47D1100EDD654 /* iosUITests.xctest */;
			productType = "com.apple.product-type.bundle.ui-testing";
		};
/* End PBXNativeTarget section */

/* Begin PBXProject section */
		D5AA2E7122B47D1000EDD654 /* Project object */ = {
			isa = PBXProject;
			attributes = {
				LastSwiftUpdateCheck = 1020;
				LastUpgradeCheck = 1020;
				ORGANIZATIONNAME = "Felipe Costa";
				TargetAttributes = {
					D5AA2E7822B47D1000EDD654 = {
						CreatedOnToolsVersion = 10.2.1;
					};
					D5AA2E8C22B47D1100EDD654 = {
						CreatedOnToolsVersion = 10.2.1;
						TestTargetID = D5AA2E7822B47D1000EDD654;
					};
					D5AA2E9722B47D1100EDD654 = {
						CreatedOnToolsVersion = 10.2.1;
						TestTargetID = D5AA2E7822B47D1000EDD654;
					};
				};
			};
			buildConfigurationList = D5AA2E7422B47D1000EDD654 /* Build configuration list for PBXProject "ios" */;
			compatibilityVersion = "Xcode 9.3";
			developmentRegion = en;
			hasScannedForEncodings = 0;
			knownRegions = (
				en,
				Base,
			);
			mainGroup = D5AA2E7022B47D1000EDD654;
			productRefGroup = D5AA2E7A22B47D1000EDD654 /* Products */;
			projectDirPath = "";
			projectRoot = "";
			targets = (
				D5AA2E7822B47D1000EDD654 /* ios */,
				D5AA2E8C22B47D1100EDD654 /* iosTests */,
				D5AA2E9722B47D1100EDD654 /* iosUITests */,
			);
		};
/* End PBXProject section */

/* Begin PBXResourcesBuildPhase section */
		D5AA2E7722B47D1000EDD654 /* Resources */ = {
			isa = PBXResourcesBuildPhase;
			buildActionMask = 2147483647;
			files = (
				D5AA2E8722B47D1100EDD654 /* LaunchScreen.storyboard in Resources */,
				D5AA2E8422B47D1100EDD654 /* Assets.xcassets in Resources */,
			);
			runOnlyForDeploymentPostprocessing = 0;
		};
		D5AA2E8B22B47D1100EDD654 /* Resources */ = {
			isa = PBXResourcesBuildPhase;
			buildActionMask = 2147483647;
			files = (
			);
			runOnlyForDeploymentPostprocessing = 0;
		};
		D5AA2E9622B47D1100EDD654 /* Resources */ = {
			isa = PBXResourcesBuildPhase;
			buildActionMask = 2147483647;
			files = (
			);
			runOnlyForDeploymentPostprocessing = 0;
		};
/* End PBXResourcesBuildPhase section */

/* Begin PBXShellScriptBuildPhase section */
		2EB96D5605A9AEC8ED23F11E /* [CP] Check Pods Manifest.lock */ = {
			isa = PBXShellScriptBuildPhase;
			buildActionMask = 2147483647;
			files = (
			);
			inputFileListPaths = (
			);
			inputPaths = (
				"${PODS_PODFILE_DIR_PATH}/Podfile.lock",
				"${PODS_ROOT}/Manifest.lock",
			);
			name = "[CP] Check Pods Manifest.lock";
			outputFileListPaths = (
			);
			outputPaths = (
				"$(DERIVED_FILE_DIR)/Pods-ios-checkManifestLockResult.txt",
			);
			runOnlyForDeploymentPostprocessing = 0;
			shellPath = /bin/sh;
			shellScript = "diff \"${PODS_PODFILE_DIR_PATH}/Podfile.lock\" \"${PODS_ROOT}/Manifest.lock\" > /dev/null\nif [ $? != 0 ] ; then\n    # print error to STDERR\n    echo \"error: The sandbox is not in sync with the Podfile.lock. Run 'pod install' or update your CocoaPods installation.\" >&2\n    exit 1\nfi\n# This output is used by Xcode 'outputs' to avoid re-running this script phase.\necho \"SUCCESS\" > \"${SCRIPT_OUTPUT_FILE_0}\"\n";
			showEnvVarsInLog = 0;
		};
		319F05DF54FCD250B315A5AF /* [CP] Check Pods Manifest.lock */ = {
			isa = PBXShellScriptBuildPhase;
			buildActionMask = 2147483647;
			files = (
			);
			inputFileListPaths = (
			);
			inputPaths = (
				"${PODS_PODFILE_DIR_PATH}/Podfile.lock",
				"${PODS_ROOT}/Manifest.lock",
			);
			name = "[CP] Check Pods Manifest.lock";
			outputFileListPaths = (
			);
			outputPaths = (
				"$(DERIVED_FILE_DIR)/Pods-iosUITests-checkManifestLockResult.txt",
			);
			runOnlyForDeploymentPostprocessing = 0;
			shellPath = /bin/sh;
			shellScript = "diff \"${PODS_PODFILE_DIR_PATH}/Podfile.lock\" \"${PODS_ROOT}/Manifest.lock\" > /dev/null\nif [ $? != 0 ] ; then\n    # print error to STDERR\n    echo \"error: The sandbox is not in sync with the Podfile.lock. Run 'pod install' or update your CocoaPods installation.\" >&2\n    exit 1\nfi\n# This output is used by Xcode 'outputs' to avoid re-running this script phase.\necho \"SUCCESS\" > \"${SCRIPT_OUTPUT_FILE_0}\"\n";
			showEnvVarsInLog = 0;
		};
		D586F8BAFAEAA7DA1663B359 /* [CP] Embed Pods Frameworks */ = {
			isa = PBXShellScriptBuildPhase;
			buildActionMask = 2147483647;
			files = (
			);
			inputFileListPaths = (
				"${PODS_ROOT}/Target Support Files/Pods-ios/Pods-ios-frameworks-${CONFIGURATION}-input-files.xcfilelist",
			);
			name = "[CP] Embed Pods Frameworks";
			outputFileListPaths = (
				"${PODS_ROOT}/Target Support Files/Pods-ios/Pods-ios-frameworks-${CONFIGURATION}-output-files.xcfilelist",
			);
			runOnlyForDeploymentPostprocessing = 0;
			shellPath = /bin/sh;
			shellScript = "\"${PODS_ROOT}/Target Support Files/Pods-ios/Pods-ios-frameworks.sh\"\n";
			showEnvVarsInLog = 0;
		};
		D7FD9F671224247D8CE38A1E /* [CP] Check Pods Manifest.lock */ = {
			isa = PBXShellScriptBuildPhase;
			buildActionMask = 2147483647;
			files = (
			);
			inputFileListPaths = (
			);
			inputPaths = (
				"${PODS_PODFILE_DIR_PATH}/Podfile.lock",
				"${PODS_ROOT}/Manifest.lock",
			);
			name = "[CP] Check Pods Manifest.lock";
			outputFileListPaths = (
			);
			outputPaths = (
				"$(DERIVED_FILE_DIR)/Pods-iosTests-checkManifestLockResult.txt",
			);
			runOnlyForDeploymentPostprocessing = 0;
			shellPath = /bin/sh;
			shellScript = "diff \"${PODS_PODFILE_DIR_PATH}/Podfile.lock\" \"${PODS_ROOT}/Manifest.lock\" > /dev/null\nif [ $? != 0 ] ; then\n    # print error to STDERR\n    echo \"error: The sandbox is not in sync with the Podfile.lock. Run 'pod install' or update your CocoaPods installation.\" >&2\n    exit 1\nfi\n# This output is used by Xcode 'outputs' to avoid re-running this script phase.\necho \"SUCCESS\" > \"${SCRIPT_OUTPUT_FILE_0}\"\n";
			showEnvVarsInLog = 0;
		};
/* End PBXShellScriptBuildPhase section */

/* Begin PBXSourcesBuildPhase section */
		D5AA2E7522B47D1000EDD654 /* Sources */ = {
			isa = PBXSourcesBuildPhase;
			buildActionMask = 2147483647;
			files = (
				D5A5E0B0235DFDDE0035F58C /* ChatList.swift in Sources */,
				D5AA2E7D22B47D1000EDD654 /* AppDelegate.swift in Sources */,
				D5A5E0B2235E16C10035F58C /* ChatController.swift in Sources */,
				D5A5E0B4235E20BA0035F58C /* SceneDelegate.swift in Sources */,
			);
			runOnlyForDeploymentPostprocessing = 0;
		};
		D5AA2E8922B47D1100EDD654 /* Sources */ = {
			isa = PBXSourcesBuildPhase;
			buildActionMask = 2147483647;
			files = (
				D5AA2E9222B47D1100EDD654 /* iosTests.swift in Sources */,
			);
			runOnlyForDeploymentPostprocessing = 0;
		};
		D5AA2E9422B47D1100EDD654 /* Sources */ = {
			isa = PBXSourcesBuildPhase;
			buildActionMask = 2147483647;
			files = (
				D5AA2E9D22B47D1100EDD654 /* iosUITests.swift in Sources */,
			);
			runOnlyForDeploymentPostprocessing = 0;
		};
/* End PBXSourcesBuildPhase section */

/* Begin PBXTargetDependency section */
		D5AA2E8F22B47D1100EDD654 /* PBXTargetDependency */ = {
			isa = PBXTargetDependency;
			target = D5AA2E7822B47D1000EDD654 /* ios */;
			targetProxy = D5AA2E8E22B47D1100EDD654 /* PBXContainerItemProxy */;
		};
		D5AA2E9A22B47D1100EDD654 /* PBXTargetDependency */ = {
			isa = PBXTargetDependency;
			target = D5AA2E7822B47D1000EDD654 /* ios */;
			targetProxy = D5AA2E9922B47D1100EDD654 /* PBXContainerItemProxy */;
		};
/* End PBXTargetDependency section */

/* Begin PBXVariantGroup section */
		D5AA2E8522B47D1100EDD654 /* LaunchScreen.storyboard */ = {
			isa = PBXVariantGroup;
			children = (
				D5AA2E8622B47D1100EDD654 /* Base */,
			);
			name = LaunchScreen.storyboard;
			sourceTree = "<group>";
		};
/* End PBXVariantGroup section */

/* Begin XCBuildConfiguration section */
		D5AA2E9F22B47D1100EDD654 /* Debug */ = {
			isa = XCBuildConfiguration;
			buildSettings = {
				ALWAYS_EMBED_SWIFT_STANDARD_LIBRARIES = "$(inherited)";
				ALWAYS_SEARCH_USER_PATHS = "$(inherited)";
				CLANG_ANALYZER_NONNULL = YES;
				CLANG_ANALYZER_NUMBER_OBJECT_CONVERSION = YES_AGGRESSIVE;
				CLANG_CXX_LANGUAGE_STANDARD = "gnu++14";
				CLANG_CXX_LIBRARY = "libc++";
				CLANG_ENABLE_MODULES = YES;
				CLANG_ENABLE_OBJC_ARC = YES;
				CLANG_ENABLE_OBJC_WEAK = YES;
				CLANG_WARN_BLOCK_CAPTURE_AUTORELEASING = YES;
				CLANG_WARN_BOOL_CONVERSION = YES;
				CLANG_WARN_COMMA = YES;
				CLANG_WARN_CONSTANT_CONVERSION = YES;
				CLANG_WARN_DEPRECATED_OBJC_IMPLEMENTATIONS = YES;
				CLANG_WARN_DIRECT_OBJC_ISA_USAGE = YES_ERROR;
				CLANG_WARN_DOCUMENTATION_COMMENTS = YES;
				CLANG_WARN_EMPTY_BODY = YES;
				CLANG_WARN_ENUM_CONVERSION = YES;
				CLANG_WARN_INFINITE_RECURSION = YES;
				CLANG_WARN_INT_CONVERSION = YES;
				CLANG_WARN_NON_LITERAL_NULL_CONVERSION = YES;
				CLANG_WARN_OBJC_IMPLICIT_RETAIN_SELF = YES;
				CLANG_WARN_OBJC_LITERAL_CONVERSION = YES;
				CLANG_WARN_OBJC_ROOT_CLASS = YES_ERROR;
				CLANG_WARN_RANGE_LOOP_ANALYSIS = YES;
				CLANG_WARN_STRICT_PROTOTYPES = YES;
				CLANG_WARN_SUSPICIOUS_MOVE = YES;
				CLANG_WARN_UNGUARDED_AVAILABILITY = YES_AGGRESSIVE;
				CLANG_WARN_UNREACHABLE_CODE = YES;
				CLANG_WARN__DUPLICATE_METHOD_MATCH = YES;
				CODE_SIGN_IDENTITY = "iPhone Developer";
				COPY_PHASE_STRIP = NO;
				DEBUG_INFORMATION_FORMAT = dwarf;
				ENABLE_STRICT_OBJC_MSGSEND = YES;
				ENABLE_TESTABILITY = YES;
				GCC_C_LANGUAGE_STANDARD = gnu11;
				GCC_DYNAMIC_NO_PIC = NO;
				GCC_NO_COMMON_BLOCKS = YES;
				GCC_OPTIMIZATION_LEVEL = 0;
				GCC_PREPROCESSOR_DEFINITIONS = (
					"DEBUG=1",
					"$(inherited)",
				);
				GCC_WARN_64_TO_32_BIT_CONVERSION = YES;
				GCC_WARN_ABOUT_RETURN_TYPE = YES_ERROR;
				GCC_WARN_UNDECLARED_SELECTOR = YES;
				GCC_WARN_UNINITIALIZED_AUTOS = YES_AGGRESSIVE;
				GCC_WARN_UNUSED_FUNCTION = YES;
				GCC_WARN_UNUSED_VARIABLE = YES;
				IPHONEOS_DEPLOYMENT_TARGET = 13.0;
				MTL_ENABLE_DEBUG_INFO = INCLUDE_SOURCE;
				MTL_FAST_MATH = YES;
				ONLY_ACTIVE_ARCH = YES;
				SDKROOT = iphoneos;
				SWIFT_ACTIVE_COMPILATION_CONDITIONS = DEBUG;
				SWIFT_OPTIMIZATION_LEVEL = "-Onone";
			};
			name = Debug;
		};
		D5AA2EA022B47D1100EDD654 /* Release */ = {
			isa = XCBuildConfiguration;
			buildSettings = {
				ALWAYS_EMBED_SWIFT_STANDARD_LIBRARIES = "$(inherited)";
				ALWAYS_SEARCH_USER_PATHS = "$(inherited)";
				CLANG_ANALYZER_NONNULL = YES;
				CLANG_ANALYZER_NUMBER_OBJECT_CONVERSION = YES_AGGRESSIVE;
				CLANG_CXX_LANGUAGE_STANDARD = "gnu++14";
				CLANG_CXX_LIBRARY = "libc++";
				CLANG_ENABLE_MODULES = YES;
				CLANG_ENABLE_OBJC_ARC = YES;
				CLANG_ENABLE_OBJC_WEAK = YES;
				CLANG_WARN_BLOCK_CAPTURE_AUTORELEASING = YES;
				CLANG_WARN_BOOL_CONVERSION = YES;
				CLANG_WARN_COMMA = YES;
				CLANG_WARN_CONSTANT_CONVERSION = YES;
				CLANG_WARN_DEPRECATED_OBJC_IMPLEMENTATIONS = YES;
				CLANG_WARN_DIRECT_OBJC_ISA_USAGE = YES_ERROR;
				CLANG_WARN_DOCUMENTATION_COMMENTS = YES;
				CLANG_WARN_EMPTY_BODY = YES;
				CLANG_WARN_ENUM_CONVERSION = YES;
				CLANG_WARN_INFINITE_RECURSION = YES;
				CLANG_WARN_INT_CONVERSION = YES;
				CLANG_WARN_NON_LITERAL_NULL_CONVERSION = YES;
				CLANG_WARN_OBJC_IMPLICIT_RETAIN_SELF = YES;
				CLANG_WARN_OBJC_LITERAL_CONVERSION = YES;
				CLANG_WARN_OBJC_ROOT_CLASS = YES_ERROR;
				CLANG_WARN_RANGE_LOOP_ANALYSIS = YES;
				CLANG_WARN_STRICT_PROTOTYPES = YES;
				CLANG_WARN_SUSPICIOUS_MOVE = YES;
				CLANG_WARN_UNGUARDED_AVAILABILITY = YES_AGGRESSIVE;
				CLANG_WARN_UNREACHABLE_CODE = YES;
				CLANG_WARN__DUPLICATE_METHOD_MATCH = YES;
				CODE_SIGN_IDENTITY = "iPhone Developer";
				COPY_PHASE_STRIP = NO;
				DEBUG_INFORMATION_FORMAT = "dwarf-with-dsym";
				ENABLE_NS_ASSERTIONS = NO;
				ENABLE_STRICT_OBJC_MSGSEND = YES;
				GCC_C_LANGUAGE_STANDARD = gnu11;
				GCC_NO_COMMON_BLOCKS = YES;
				GCC_WARN_64_TO_32_BIT_CONVERSION = YES;
				GCC_WARN_ABOUT_RETURN_TYPE = YES_ERROR;
				GCC_WARN_UNDECLARED_SELECTOR = YES;
				GCC_WARN_UNINITIALIZED_AUTOS = YES_AGGRESSIVE;
				GCC_WARN_UNUSED_FUNCTION = YES;
				GCC_WARN_UNUSED_VARIABLE = YES;
				IPHONEOS_DEPLOYMENT_TARGET = 13.0;
				MTL_ENABLE_DEBUG_INFO = NO;
				MTL_FAST_MATH = YES;
				SDKROOT = iphoneos;
				SWIFT_COMPILATION_MODE = wholemodule;
				SWIFT_OPTIMIZATION_LEVEL = "-O";
				VALIDATE_PRODUCT = YES;
			};
			name = Release;
		};
		D5AA2EA222B47D1100EDD654 /* Debug */ = {
			isa = XCBuildConfiguration;
			baseConfigurationReference = C49B236CAFD3CAEB97FC706A /* Pods-ios.debug.xcconfig */;
			buildSettings = {
				ALWAYS_EMBED_SWIFT_STANDARD_LIBRARIES = "$(inherited)";
				ASSETCATALOG_COMPILER_APPICON_NAME = AppIcon;
				CODE_SIGN_STYLE = Automatic;
				INFOPLIST_FILE = ios/Info.plist;
				IPHONEOS_DEPLOYMENT_TARGET = 13.0;
				LD_RUNPATH_SEARCH_PATHS = (
					"$(inherited)",
					"@executable_path/Frameworks",
				);
				PRODUCT_BUNDLE_IDENTIFIER = com.github.felipehjcosta.chatapp.ios;
				PRODUCT_NAME = "$(TARGET_NAME)";
				SWIFT_VERSION = 5.0;
				TARGETED_DEVICE_FAMILY = "1,2";
			};
			name = Debug;
		};
		D5AA2EA322B47D1100EDD654 /* Release */ = {
			isa = XCBuildConfiguration;
			baseConfigurationReference = BB7A3CA3312FE2EF142BBB22 /* Pods-ios.release.xcconfig */;
			buildSettings = {
				ALWAYS_EMBED_SWIFT_STANDARD_LIBRARIES = "$(inherited)";
				ASSETCATALOG_COMPILER_APPICON_NAME = AppIcon;
				CODE_SIGN_STYLE = Automatic;
				INFOPLIST_FILE = ios/Info.plist;
				IPHONEOS_DEPLOYMENT_TARGET = 13.0;
				LD_RUNPATH_SEARCH_PATHS = (
					"$(inherited)",
					"@executable_path/Frameworks",
				);
				PRODUCT_BUNDLE_IDENTIFIER = com.github.felipehjcosta.chatapp.ios;
				PRODUCT_NAME = "$(TARGET_NAME)";
				SWIFT_VERSION = 5.0;
				TARGETED_DEVICE_FAMILY = "1,2";
			};
			name = Release;
		};
		D5AA2EA522B47D1100EDD654 /* Debug */ = {
			isa = XCBuildConfiguration;
			baseConfigurationReference = EA79DA404FACDC2CF217F08F /* Pods-iosTests.debug.xcconfig */;
			buildSettings = {
				ALWAYS_EMBED_SWIFT_STANDARD_LIBRARIES = "$(inherited)";
				BUNDLE_LOADER = "$(TEST_HOST)";
				CODE_SIGN_STYLE = Automatic;
				INFOPLIST_FILE = iosTests/Info.plist;
				LD_RUNPATH_SEARCH_PATHS = (
					"$(inherited)",
					"@executable_path/Frameworks",
					"@loader_path/Frameworks",
				);
				PRODUCT_BUNDLE_IDENTIFIER = com.github.felipehjcosta.chatapp.iosTests;
				PRODUCT_NAME = "$(TARGET_NAME)";
				SWIFT_VERSION = 5.0;
				TARGETED_DEVICE_FAMILY = "1,2";
				TEST_HOST = "$(BUILT_PRODUCTS_DIR)/ios.app/ios";
			};
			name = Debug;
		};
		D5AA2EA622B47D1100EDD654 /* Release */ = {
			isa = XCBuildConfiguration;
			baseConfigurationReference = 1A33513DF3E16DBEB78CE8F3 /* Pods-iosTests.release.xcconfig */;
			buildSettings = {
				ALWAYS_EMBED_SWIFT_STANDARD_LIBRARIES = "$(inherited)";
				BUNDLE_LOADER = "$(TEST_HOST)";
				CODE_SIGN_STYLE = Automatic;
				INFOPLIST_FILE = iosTests/Info.plist;
				LD_RUNPATH_SEARCH_PATHS = (
					"$(inherited)",
					"@executable_path/Frameworks",
					"@loader_path/Frameworks",
				);
				PRODUCT_BUNDLE_IDENTIFIER = com.github.felipehjcosta.chatapp.iosTests;
				PRODUCT_NAME = "$(TARGET_NAME)";
				SWIFT_VERSION = 5.0;
				TARGETED_DEVICE_FAMILY = "1,2";
				TEST_HOST = "$(BUILT_PRODUCTS_DIR)/ios.app/ios";
			};
			name = Release;
		};
		D5AA2EA822B47D1100EDD654 /* Debug */ = {
			isa = XCBuildConfiguration;
			baseConfigurationReference = D120D6EF83067D5D50C95EE9 /* Pods-iosUITests.debug.xcconfig */;
			buildSettings = {
				ALWAYS_EMBED_SWIFT_STANDARD_LIBRARIES = "$(inherited)";
				CODE_SIGN_STYLE = Automatic;
				INFOPLIST_FILE = iosUITests/Info.plist;
				LD_RUNPATH_SEARCH_PATHS = (
					"$(inherited)",
					"@executable_path/Frameworks",
					"@loader_path/Frameworks",
				);
				PRODUCT_BUNDLE_IDENTIFIER = com.github.felipehjcosta.chatapp.iosUITests;
				PRODUCT_NAME = "$(TARGET_NAME)";
				SWIFT_VERSION = 5.0;
				TARGETED_DEVICE_FAMILY = "1,2";
				TEST_TARGET_NAME = ios;
			};
			name = Debug;
		};
		D5AA2EA922B47D1100EDD654 /* Release */ = {
			isa = XCBuildConfiguration;
			baseConfigurationReference = B7E00FE1B3A382309FE3235D /* Pods-iosUITests.release.xcconfig */;
			buildSettings = {
				ALWAYS_EMBED_SWIFT_STANDARD_LIBRARIES = "$(inherited)";
				CODE_SIGN_STYLE = Automatic;
				INFOPLIST_FILE = iosUITests/Info.plist;
				LD_RUNPATH_SEARCH_PATHS = (
					"$(inherited)",
					"@executable_path/Frameworks",
					"@loader_path/Frameworks",
				);
				PRODUCT_BUNDLE_IDENTIFIER = com.github.felipehjcosta.chatapp.iosUITests;
				PRODUCT_NAME = "$(TARGET_NAME)";
				SWIFT_VERSION = 5.0;
				TARGETED_DEVICE_FAMILY = "1,2";
				TEST_TARGET_NAME = ios;
			};
			name = Release;
		};
/* End XCBuildConfiguration section */

/* Begin XCConfigurationList section */
		D5AA2E7422B47D1000EDD654 /* Build configuration list for PBXProject "ios" */ = {
			isa = XCConfigurationList;
			buildConfigurations = (
				D5AA2E9F22B47D1100EDD654 /* Debug */,
				D5AA2EA022B47D1100EDD654 /* Release */,
			);
			defaultConfigurationIsVisible = 0;
			defaultConfigurationName = Release;
		};
		D5AA2EA122B47D1100EDD654 /* Build configuration list for PBXNativeTarget "ios" */ = {
			isa = XCConfigurationList;
			buildConfigurations = (
				D5AA2EA222B47D1100EDD654 /* Debug */,
				D5AA2EA322B47D1100EDD654 /* Release */,
			);
			defaultConfigurationIsVisible = 0;
			defaultConfigurationName = Release;
		};
		D5AA2EA422B47D1100EDD654 /* Build configuration list for PBXNativeTarget "iosTests" */ = {
			isa = XCConfigurationList;
			buildConfigurations = (
				D5AA2EA522B47D1100EDD654 /* Debug */,
				D5AA2EA622B47D1100EDD654 /* Release */,
			);
			defaultConfigurationIsVisible = 0;
			defaultConfigurationName = Release;
		};
		D5AA2EA722B47D1100EDD654 /* Build configuration list for PBXNativeTarget "iosUITests" */ = {
			isa = XCConfigurationList;
			buildConfigurations = (
				D5AA2EA822B47D1100EDD654 /* Debug */,
				D5AA2EA922B47D1100EDD654 /* Release */,
			);
			defaultConfigurationIsVisible = 0;
			defaultConfigurationName = Release;
		};
/* End XCConfigurationList section */
	};
	rootObject = D5AA2E7122B47D1000EDD654 /* Project object */;
}
