// !$*UTF8*$!
{
	archiveVersion = 1;
	classes = {
	};
	objectVersion = 50;
	objects = {

/* Begin PBXBuildFile section */
		827E2AC823DBA21400292F26 /* Client.framework in Frameworks */ = {isa = PBXBuildFile; fileRef = D5971C3423DA9AB9009BEEBC /* Client.framework */; };
		827E2AC923DBA21400292F26 /* Client.framework in Embed Frameworks */ = {isa = PBXBuildFile; fileRef = D5971C3423DA9AB9009BEEBC /* Client.framework */; settings = {ATTRIBUTES = (CodeSignOnCopy, RemoveHeadersOnCopy, ); }; };
		D54051E22363D7AF00A0B56A /* WelcomeScreen.swift in Sources */ = {isa = PBXBuildFile; fileRef = D54051E12363D7AF00A0B56A /* WelcomeScreen.swift */; };
		D5505C0B23EEF509007FDBDF /* Interface.storyboard in Resources */ = {isa = PBXBuildFile; fileRef = D5505C0923EEF509007FDBDF /* Interface.storyboard */; };
		D5505C0D23EEF50C007FDBDF /* Assets.xcassets in Resources */ = {isa = PBXBuildFile; fileRef = D5505C0C23EEF50C007FDBDF /* Assets.xcassets */; };
		D5505C1423EEF50D007FDBDF /* ChatWatch Extension.appex in Embed App Extensions */ = {isa = PBXBuildFile; fileRef = D5505C1323EEF50D007FDBDF /* ChatWatch Extension.appex */; settings = {ATTRIBUTES = (RemoveHeadersOnCopy, ); }; };
		D5505C1923EEF50D007FDBDF /* ContentView.swift in Sources */ = {isa = PBXBuildFile; fileRef = D5505C1823EEF50D007FDBDF /* ContentView.swift */; };
		D5505C1B23EEF50D007FDBDF /* HostingController.swift in Sources */ = {isa = PBXBuildFile; fileRef = D5505C1A23EEF50D007FDBDF /* HostingController.swift */; };
		D5505C1D23EEF50D007FDBDF /* ExtensionDelegate.swift in Sources */ = {isa = PBXBuildFile; fileRef = D5505C1C23EEF50D007FDBDF /* ExtensionDelegate.swift */; };
		D5505C1F23EEF50D007FDBDF /* NotificationController.swift in Sources */ = {isa = PBXBuildFile; fileRef = D5505C1E23EEF50D007FDBDF /* NotificationController.swift */; };
		D5505C2123EEF50D007FDBDF /* NotificationView.swift in Sources */ = {isa = PBXBuildFile; fileRef = D5505C2023EEF50D007FDBDF /* NotificationView.swift */; };
		D5505C2323EEF50D007FDBDF /* Assets.xcassets in Resources */ = {isa = PBXBuildFile; fileRef = D5505C2223EEF50D007FDBDF /* Assets.xcassets */; };
		D5505C2623EEF50D007FDBDF /* Preview Assets.xcassets in Resources */ = {isa = PBXBuildFile; fileRef = D5505C2523EEF50D007FDBDF /* Preview Assets.xcassets */; };
		D5505C2C23EEF50D007FDBDF /* ChatWatch.app in Embed Watch Content */ = {isa = PBXBuildFile; fileRef = D5505C0723EEF509007FDBDF /* ChatWatch.app */; settings = {ATTRIBUTES = (RemoveHeadersOnCopy, ); }; };
		D5A5E0B0235DFDDE0035F58C /* ChatScreen.swift in Sources */ = {isa = PBXBuildFile; fileRef = D5A5E0AF235DFDDE0035F58C /* ChatScreen.swift */; };
		D5A5E0B2235E16C10035F58C /* ChatController.swift in Sources */ = {isa = PBXBuildFile; fileRef = D5A5E0B1235E16C10035F58C /* ChatController.swift */; };
		D5A5E0B4235E20BA0035F58C /* SceneDelegate.swift in Sources */ = {isa = PBXBuildFile; fileRef = D5A5E0B3235E20BA0035F58C /* SceneDelegate.swift */; };
		D5AA2E7D22B47D1000EDD654 /* AppDelegate.swift in Sources */ = {isa = PBXBuildFile; fileRef = D5AA2E7C22B47D1000EDD654 /* AppDelegate.swift */; };
		D5AA2E8422B47D1100EDD654 /* Assets.xcassets in Resources */ = {isa = PBXBuildFile; fileRef = D5AA2E8322B47D1100EDD654 /* Assets.xcassets */; };
		D5AA2E8722B47D1100EDD654 /* LaunchScreen.storyboard in Resources */ = {isa = PBXBuildFile; fileRef = D5AA2E8522B47D1100EDD654 /* LaunchScreen.storyboard */; };
		D5AA2E9222B47D1100EDD654 /* iosTests.swift in Sources */ = {isa = PBXBuildFile; fileRef = D5AA2E9122B47D1100EDD654 /* iosTests.swift */; };
		D5AA2E9D22B47D1100EDD654 /* iosUITests.swift in Sources */ = {isa = PBXBuildFile; fileRef = D5AA2E9C22B47D1100EDD654 /* iosUITests.swift */; };
/* End PBXBuildFile section */

/* Begin PBXContainerItemProxy section */
		D5505C1523EEF50D007FDBDF /* PBXContainerItemProxy */ = {
			isa = PBXContainerItemProxy;
			containerPortal = D5AA2E7122B47D1000EDD654 /* Project object */;
			proxyType = 1;
			remoteGlobalIDString = D5505C1223EEF50D007FDBDF;
			remoteInfo = "ChatWatch Extension";
		};
		D5505C2923EEF50D007FDBDF /* PBXContainerItemProxy */ = {
			isa = PBXContainerItemProxy;
			containerPortal = D5AA2E7122B47D1000EDD654 /* Project object */;
			proxyType = 1;
			remoteGlobalIDString = D5505C0623EEF509007FDBDF;
			remoteInfo = ChatWatch;
		};
		D5AA2E8E22B47D1100EDD654 /* PBXContainerItemProxy */ = {
			isa = PBXContainerItemProxy;
			containerPortal = D5AA2E7122B47D1000EDD654 /* Project object */;
			proxyType = 1;
			remoteGlobalIDString = D5AA2E7822B47D1000EDD654;
			remoteInfo = ios;
		};
		D5AA2E9922B47D1100EDD654 /* PBXContainerItemProxy */ = {
			isa = PBXContainerItemProxy;
			containerPortal = D5AA2E7122B47D1000EDD654 /* Project object */;
			proxyType = 1;
			remoteGlobalIDString = D5AA2E7822B47D1000EDD654;
			remoteInfo = ios;
		};
/* End PBXContainerItemProxy section */

/* Begin PBXCopyFilesBuildPhase section */
		827E2ACA23DBA21400292F26 /* Embed Frameworks */ = {
			isa = PBXCopyFilesBuildPhase;
			buildActionMask = 2147483647;
			dstPath = "";
			dstSubfolderSpec = 10;
			files = (
				827E2AC923DBA21400292F26 /* Client.framework in Embed Frameworks */,
			);
			name = "Embed Frameworks";
			runOnlyForDeploymentPostprocessing = 0;
		};
		D5505C2B23EEF50D007FDBDF /* Embed Watch Content */ = {
			isa = PBXCopyFilesBuildPhase;
			buildActionMask = 2147483647;
			dstPath = "$(CONTENTS_FOLDER_PATH)/Watch";
			dstSubfolderSpec = 16;
			files = (
				D5505C2C23EEF50D007FDBDF /* ChatWatch.app in Embed Watch Content */,
			);
			name = "Embed Watch Content";
			runOnlyForDeploymentPostprocessing = 0;
		};
		D5505C2F23EEF50D007FDBDF /* Embed App Extensions */ = {
			isa = PBXCopyFilesBuildPhase;
			buildActionMask = 2147483647;
			dstPath = "";
			dstSubfolderSpec = 13;
			files = (
				D5505C1423EEF50D007FDBDF /* ChatWatch Extension.appex in Embed App Extensions */,
			);
			name = "Embed App Extensions";
			runOnlyForDeploymentPostprocessing = 0;
		};
/* End PBXCopyFilesBuildPhase section */

/* Begin PBXFileReference section */
		D54051E12363D7AF00A0B56A /* WelcomeScreen.swift */ = {isa = PBXFileReference; lastKnownFileType = sourcecode.swift; path = WelcomeScreen.swift; sourceTree = "<group>"; };
		D5505C0723EEF509007FDBDF /* ChatWatch.app */ = {isa = PBXFileReference; explicitFileType = wrapper.application; includeInIndex = 0; path = ChatWatch.app; sourceTree = BUILT_PRODUCTS_DIR; };
		D5505C0A23EEF509007FDBDF /* Base */ = {isa = PBXFileReference; lastKnownFileType = file.storyboard; name = Base; path = Base.lproj/Interface.storyboard; sourceTree = "<group>"; };
		D5505C0C23EEF50C007FDBDF /* Assets.xcassets */ = {isa = PBXFileReference; lastKnownFileType = folder.assetcatalog; path = Assets.xcassets; sourceTree = "<group>"; };
		D5505C0E23EEF50C007FDBDF /* Info.plist */ = {isa = PBXFileReference; lastKnownFileType = text.plist.xml; path = Info.plist; sourceTree = "<group>"; };
		D5505C1323EEF50D007FDBDF /* ChatWatch Extension.appex */ = {isa = PBXFileReference; explicitFileType = "wrapper.app-extension"; includeInIndex = 0; path = "ChatWatch Extension.appex"; sourceTree = BUILT_PRODUCTS_DIR; };
		D5505C1823EEF50D007FDBDF /* ContentView.swift */ = {isa = PBXFileReference; lastKnownFileType = sourcecode.swift; path = ContentView.swift; sourceTree = "<group>"; };
		D5505C1A23EEF50D007FDBDF /* HostingController.swift */ = {isa = PBXFileReference; lastKnownFileType = sourcecode.swift; path = HostingController.swift; sourceTree = "<group>"; };
		D5505C1C23EEF50D007FDBDF /* ExtensionDelegate.swift */ = {isa = PBXFileReference; lastKnownFileType = sourcecode.swift; path = ExtensionDelegate.swift; sourceTree = "<group>"; };
		D5505C1E23EEF50D007FDBDF /* NotificationController.swift */ = {isa = PBXFileReference; lastKnownFileType = sourcecode.swift; path = NotificationController.swift; sourceTree = "<group>"; };
		D5505C2023EEF50D007FDBDF /* NotificationView.swift */ = {isa = PBXFileReference; lastKnownFileType = sourcecode.swift; path = NotificationView.swift; sourceTree = "<group>"; };
		D5505C2223EEF50D007FDBDF /* Assets.xcassets */ = {isa = PBXFileReference; lastKnownFileType = folder.assetcatalog; path = Assets.xcassets; sourceTree = "<group>"; };
		D5505C2523EEF50D007FDBDF /* Preview Assets.xcassets */ = {isa = PBXFileReference; lastKnownFileType = folder.assetcatalog; path = "Preview Assets.xcassets"; sourceTree = "<group>"; };
		D5505C2723EEF50D007FDBDF /* Info.plist */ = {isa = PBXFileReference; lastKnownFileType = text.plist.xml; path = Info.plist; sourceTree = "<group>"; };
		D5505C2823EEF50D007FDBDF /* PushNotificationPayload.apns */ = {isa = PBXFileReference; lastKnownFileType = text; path = PushNotificationPayload.apns; sourceTree = "<group>"; };
		D5971C3423DA9AB9009BEEBC /* Client.framework */ = {isa = PBXFileReference; lastKnownFileType = wrapper.framework; name = Client.framework; path = "../common/client/build/xcode-frameworks/Client.framework"; sourceTree = "<group>"; };
		D5A5E0AF235DFDDE0035F58C /* ChatScreen.swift */ = {isa = PBXFileReference; lastKnownFileType = sourcecode.swift; path = ChatScreen.swift; sourceTree = "<group>"; };
		D5A5E0B1235E16C10035F58C /* ChatController.swift */ = {isa = PBXFileReference; lastKnownFileType = sourcecode.swift; path = ChatController.swift; sourceTree = "<group>"; };
		D5A5E0B3235E20BA0035F58C /* SceneDelegate.swift */ = {isa = PBXFileReference; lastKnownFileType = sourcecode.swift; path = SceneDelegate.swift; sourceTree = "<group>"; };
		D5AA2E7922B47D1000EDD654 /* ios.app */ = {isa = PBXFileReference; explicitFileType = wrapper.application; includeInIndex = 0; path = ios.app; sourceTree = BUILT_PRODUCTS_DIR; };
		D5AA2E7C22B47D1000EDD654 /* AppDelegate.swift */ = {isa = PBXFileReference; lastKnownFileType = sourcecode.swift; path = AppDelegate.swift; sourceTree = "<group>"; };
		D5AA2E8322B47D1100EDD654 /* Assets.xcassets */ = {isa = PBXFileReference; lastKnownFileType = folder.assetcatalog; path = Assets.xcassets; sourceTree = "<group>"; };
		D5AA2E8622B47D1100EDD654 /* Base */ = {isa = PBXFileReference; lastKnownFileType = file.storyboard; name = Base; path = Base.lproj/LaunchScreen.storyboard; sourceTree = "<group>"; };
		D5AA2E8822B47D1100EDD654 /* Info.plist */ = {isa = PBXFileReference; lastKnownFileType = text.plist.xml; path = Info.plist; sourceTree = "<group>"; };
		D5AA2E8D22B47D1100EDD654 /* iosTests.xctest */ = {isa = PBXFileReference; explicitFileType = wrapper.cfbundle; includeInIndex = 0; path = iosTests.xctest; sourceTree = BUILT_PRODUCTS_DIR; };
		D5AA2E9122B47D1100EDD654 /* iosTests.swift */ = {isa = PBXFileReference; lastKnownFileType = sourcecode.swift; path = iosTests.swift; sourceTree = "<group>"; };
		D5AA2E9322B47D1100EDD654 /* Info.plist */ = {isa = PBXFileReference; lastKnownFileType = text.plist.xml; path = Info.plist; sourceTree = "<group>"; };
		D5AA2E9822B47D1100EDD654 /* iosUITests.xctest */ = {isa = PBXFileReference; explicitFileType = wrapper.cfbundle; includeInIndex = 0; path = iosUITests.xctest; sourceTree = BUILT_PRODUCTS_DIR; };
		D5AA2E9C22B47D1100EDD654 /* iosUITests.swift */ = {isa = PBXFileReference; lastKnownFileType = sourcecode.swift; path = iosUITests.swift; sourceTree = "<group>"; };
		D5AA2E9E22B47D1100EDD654 /* Info.plist */ = {isa = PBXFileReference; lastKnownFileType = text.plist.xml; path = Info.plist; sourceTree = "<group>"; };
/* End PBXFileReference section */

/* Begin PBXFrameworksBuildPhase section */
		D5505C1023EEF50D007FDBDF /* Frameworks */ = {
			isa = PBXFrameworksBuildPhase;
			buildActionMask = 2147483647;
			files = (
			);
			runOnlyForDeploymentPostprocessing = 0;
		};
		D5AA2E7622B47D1000EDD654 /* Frameworks */ = {
			isa = PBXFrameworksBuildPhase;
			buildActionMask = 2147483647;
			files = (
				827E2AC823DBA21400292F26 /* Client.framework in Frameworks */,
			);
			runOnlyForDeploymentPostprocessing = 0;
		};
		D5AA2E8A22B47D1100EDD654 /* Frameworks */ = {
			isa = PBXFrameworksBuildPhase;
			buildActionMask = 2147483647;
			files = (
			);
			runOnlyForDeploymentPostprocessing = 0;
		};
		D5AA2E9522B47D1100EDD654 /* Frameworks */ = {
			isa = PBXFrameworksBuildPhase;
			buildActionMask = 2147483647;
			files = (
			);
			runOnlyForDeploymentPostprocessing = 0;
		};
/* End PBXFrameworksBuildPhase section */

/* Begin PBXGroup section */
		D5505C0823EEF509007FDBDF /* ChatWatch */ = {
			isa = PBXGroup;
			children = (
				D5505C0923EEF509007FDBDF /* Interface.storyboard */,
				D5505C0C23EEF50C007FDBDF /* Assets.xcassets */,
				D5505C0E23EEF50C007FDBDF /* Info.plist */,
			);
			path = ChatWatch;
			sourceTree = "<group>";
		};
		D5505C1723EEF50D007FDBDF /* ChatWatch Extension */ = {
			isa = PBXGroup;
			children = (
				D5505C1823EEF50D007FDBDF /* ContentView.swift */,
				D5505C1A23EEF50D007FDBDF /* HostingController.swift */,
				D5505C1C23EEF50D007FDBDF /* ExtensionDelegate.swift */,
				D5505C1E23EEF50D007FDBDF /* NotificationController.swift */,
				D5505C2023EEF50D007FDBDF /* NotificationView.swift */,
				D5505C2223EEF50D007FDBDF /* Assets.xcassets */,
				D5505C2723EEF50D007FDBDF /* Info.plist */,
				D5505C2823EEF50D007FDBDF /* PushNotificationPayload.apns */,
				D5505C2423EEF50D007FDBDF /* Preview Content */,
			);
			path = "ChatWatch Extension";
			sourceTree = "<group>";
		};
		D5505C2423EEF50D007FDBDF /* Preview Content */ = {
			isa = PBXGroup;
			children = (
				D5505C2523EEF50D007FDBDF /* Preview Assets.xcassets */,
			);
			path = "Preview Content";
			sourceTree = "<group>";
		};
		D5971C3323DA9AB9009BEEBC /* Frameworks */ = {
			isa = PBXGroup;
			children = (
				D5971C3423DA9AB9009BEEBC /* Client.framework */,
			);
			name = Frameworks;
			sourceTree = "<group>";
		};
		D5AA2E7022B47D1000EDD654 = {
			isa = PBXGroup;
			children = (
				D5AA2E7B22B47D1000EDD654 /* ios */,
				D5AA2E9022B47D1100EDD654 /* iosTests */,
				D5AA2E9B22B47D1100EDD654 /* iosUITests */,
				D5505C0823EEF509007FDBDF /* ChatWatch */,
				D5505C1723EEF50D007FDBDF /* ChatWatch Extension */,
				D5AA2E7A22B47D1000EDD654 /* Products */,
				D5971C3323DA9AB9009BEEBC /* Frameworks */,
			);
			sourceTree = "<group>";
		};
		D5AA2E7A22B47D1000EDD654 /* Products */ = {
			isa = PBXGroup;
			children = (
				D5AA2E7922B47D1000EDD654 /* ios.app */,
				D5AA2E8D22B47D1100EDD654 /* iosTests.xctest */,
				D5AA2E9822B47D1100EDD654 /* iosUITests.xctest */,
				D5505C0723EEF509007FDBDF /* ChatWatch.app */,
				D5505C1323EEF50D007FDBDF /* ChatWatch Extension.appex */,
			);
			name = Products;
			sourceTree = "<group>";
		};
		D5AA2E7B22B47D1000EDD654 /* ios */ = {
			isa = PBXGroup;
			children = (
				D5AA2E7C22B47D1000EDD654 /* AppDelegate.swift */,
				D5AA2E8322B47D1100EDD654 /* Assets.xcassets */,
				D5AA2E8522B47D1100EDD654 /* LaunchScreen.storyboard */,
				D5AA2E8822B47D1100EDD654 /* Info.plist */,
				D5A5E0AF235DFDDE0035F58C /* ChatScreen.swift */,
				D5A5E0B1235E16C10035F58C /* ChatController.swift */,
				D5A5E0B3235E20BA0035F58C /* SceneDelegate.swift */,
				D54051E12363D7AF00A0B56A /* WelcomeScreen.swift */,
			);
			path = ios;
			sourceTree = "<group>";
		};
		D5AA2E9022B47D1100EDD654 /* iosTests */ = {
			isa = PBXGroup;
			children = (
				D5AA2E9122B47D1100EDD654 /* iosTests.swift */,
				D5AA2E9322B47D1100EDD654 /* Info.plist */,
			);
			path = iosTests;
			sourceTree = "<group>";
		};
		D5AA2E9B22B47D1100EDD654 /* iosUITests */ = {
			isa = PBXGroup;
			children = (
				D5AA2E9C22B47D1100EDD654 /* iosUITests.swift */,
				D5AA2E9E22B47D1100EDD654 /* Info.plist */,
			);
			path = iosUITests;
			sourceTree = "<group>";
		};
/* End PBXGroup section */

/* Begin PBXNativeTarget section */
		D5505C0623EEF509007FDBDF /* ChatWatch */ = {
			isa = PBXNativeTarget;
			buildConfigurationList = D5505C3323EEF50D007FDBDF /* Build configuration list for PBXNativeTarget "ChatWatch" */;
			buildPhases = (
				D5505C0523EEF509007FDBDF /* Resources */,
				D5505C2F23EEF50D007FDBDF /* Embed App Extensions */,
			);
			buildRules = (
			);
			dependencies = (
				D5505C1623EEF50D007FDBDF /* PBXTargetDependency */,
			);
			name = ChatWatch;
			productName = ChatWatch;
			productReference = D5505C0723EEF509007FDBDF /* ChatWatch.app */;
			productType = "com.apple.product-type.application.watchapp2";
		};
		D5505C1223EEF50D007FDBDF /* ChatWatch Extension */ = {
			isa = PBXNativeTarget;
			buildConfigurationList = D5505C3223EEF50D007FDBDF /* Build configuration list for PBXNativeTarget "ChatWatch Extension" */;
			buildPhases = (
				D5505C0F23EEF50D007FDBDF /* Sources */,
				D5505C1023EEF50D007FDBDF /* Frameworks */,
				D5505C1123EEF50D007FDBDF /* Resources */,
			);
			buildRules = (
			);
			dependencies = (
			);
			name = "ChatWatch Extension";
			productName = "ChatWatch Extension";
			productReference = D5505C1323EEF50D007FDBDF /* ChatWatch Extension.appex */;
			productType = "com.apple.product-type.watchkit2-extension";
		};
		D5AA2E7822B47D1000EDD654 /* ios */ = {
			isa = PBXNativeTarget;
			buildConfigurationList = D5AA2EA122B47D1100EDD654 /* Build configuration list for PBXNativeTarget "ios" */;
			buildPhases = (
				D5971C3823DA9B21009BEEBC /* Pack Client for xcode */,
				D5AA2E7522B47D1000EDD654 /* Sources */,
				D5AA2E7622B47D1000EDD654 /* Frameworks */,
				D5AA2E7722B47D1000EDD654 /* Resources */,
				827E2ACA23DBA21400292F26 /* Embed Frameworks */,
				D5505C2B23EEF50D007FDBDF /* Embed Watch Content */,
			);
			buildRules = (
			);
			dependencies = (
				D5505C2A23EEF50D007FDBDF /* PBXTargetDependency */,
			);
			name = ios;
			productName = ios;
			productReference = D5AA2E7922B47D1000EDD654 /* ios.app */;
			productType = "com.apple.product-type.application";
		};
		D5AA2E8C22B47D1100EDD654 /* iosTests */ = {
			isa = PBXNativeTarget;
			buildConfigurationList = D5AA2EA422B47D1100EDD654 /* Build configuration list for PBXNativeTarget "iosTests" */;
			buildPhases = (
				D5AA2E8922B47D1100EDD654 /* Sources */,
				D5AA2E8A22B47D1100EDD654 /* Frameworks */,
				D5AA2E8B22B47D1100EDD654 /* Resources */,
			);
			buildRules = (
			);
			dependencies = (
				D5AA2E8F22B47D1100EDD654 /* PBXTargetDependency */,
			);
			name = iosTests;
			productName = iosTests;
			productReference = D5AA2E8D22B47D1100EDD654 /* iosTests.xctest */;
			productType = "com.apple.product-type.bundle.unit-test";
		};
		D5AA2E9722B47D1100EDD654 /* iosUITests */ = {
			isa = PBXNativeTarget;
			buildConfigurationList = D5AA2EA722B47D1100EDD654 /* Build configuration list for PBXNativeTarget "iosUITests" */;
			buildPhases = (
				D5AA2E9422B47D1100EDD654 /* Sources */,
				D5AA2E9522B47D1100EDD654 /* Frameworks */,
				D5AA2E9622B47D1100EDD654 /* Resources */,
			);
			buildRules = (
			);
			dependencies = (
				D5AA2E9A22B47D1100EDD654 /* PBXTargetDependency */,
			);
			name = iosUITests;
			productName = iosUITests;
			productReference = D5AA2E9822B47D1100EDD654 /* iosUITests.xctest */;
			productType = "com.apple.product-type.bundle.ui-testing";
		};
/* End PBXNativeTarget section */

/* Begin PBXProject section */
		D5AA2E7122B47D1000EDD654 /* Project object */ = {
			isa = PBXProject;
			attributes = {
				LastSwiftUpdateCheck = 1130;
				LastUpgradeCheck = 1020;
				ORGANIZATIONNAME = "Felipe Costa";
				TargetAttributes = {
					D5505C0623EEF509007FDBDF = {
						CreatedOnToolsVersion = 11.3.1;
					};
					D5505C1223EEF50D007FDBDF = {
						CreatedOnToolsVersion = 11.3.1;
					};
					D5AA2E7822B47D1000EDD654 = {
						CreatedOnToolsVersion = 10.2.1;
					};
					D5AA2E8C22B47D1100EDD654 = {
						CreatedOnToolsVersion = 10.2.1;
						TestTargetID = D5AA2E7822B47D1000EDD654;
					};
					D5AA2E9722B47D1100EDD654 = {
						CreatedOnToolsVersion = 10.2.1;
						TestTargetID = D5AA2E7822B47D1000EDD654;
					};
				};
			};
			buildConfigurationList = D5AA2E7422B47D1000EDD654 /* Build configuration list for PBXProject "ios" */;
			compatibilityVersion = "Xcode 9.3";
			developmentRegion = en;
			hasScannedForEncodings = 0;
			knownRegions = (
				en,
				Base,
			);
			mainGroup = D5AA2E7022B47D1000EDD654;
			productRefGroup = D5AA2E7A22B47D1000EDD654 /* Products */;
			projectDirPath = "";
			projectRoot = "";
			targets = (
				D5AA2E7822B47D1000EDD654 /* ios */,
				D5AA2E8C22B47D1100EDD654 /* iosTests */,
				D5AA2E9722B47D1100EDD654 /* iosUITests */,
				D5505C0623EEF509007FDBDF /* ChatWatch */,
				D5505C1223EEF50D007FDBDF /* ChatWatch Extension */,
			);
		};
/* End PBXProject section */

/* Begin PBXResourcesBuildPhase section */
		D5505C0523EEF509007FDBDF /* Resources */ = {
			isa = PBXResourcesBuildPhase;
			buildActionMask = 2147483647;
			files = (
				D5505C0D23EEF50C007FDBDF /* Assets.xcassets in Resources */,
				D5505C0B23EEF509007FDBDF /* Interface.storyboard in Resources */,
			);
			runOnlyForDeploymentPostprocessing = 0;
		};
		D5505C1123EEF50D007FDBDF /* Resources */ = {
			isa = PBXResourcesBuildPhase;
			buildActionMask = 2147483647;
			files = (
				D5505C2623EEF50D007FDBDF /* Preview Assets.xcassets in Resources */,
				D5505C2323EEF50D007FDBDF /* Assets.xcassets in Resources */,
			);
			runOnlyForDeploymentPostprocessing = 0;
		};
		D5AA2E7722B47D1000EDD654 /* Resources */ = {
			isa = PBXResourcesBuildPhase;
			buildActionMask = 2147483647;
			files = (
				D5AA2E8722B47D1100EDD654 /* LaunchScreen.storyboard in Resources */,
				D5AA2E8422B47D1100EDD654 /* Assets.xcassets in Resources */,
			);
			runOnlyForDeploymentPostprocessing = 0;
		};
		D5AA2E8B22B47D1100EDD654 /* Resources */ = {
			isa = PBXResourcesBuildPhase;
			buildActionMask = 2147483647;
			files = (
			);
			runOnlyForDeploymentPostprocessing = 0;
		};
		D5AA2E9622B47D1100EDD654 /* Resources */ = {
			isa = PBXResourcesBuildPhase;
			buildActionMask = 2147483647;
			files = (
			);
			runOnlyForDeploymentPostprocessing = 0;
		};
/* End PBXResourcesBuildPhase section */

/* Begin PBXShellScriptBuildPhase section */
		D5971C3823DA9B21009BEEBC /* Pack Client for xcode */ = {
			isa = PBXShellScriptBuildPhase;
			buildActionMask = 2147483647;
			files = (
			);
			inputFileListPaths = (
			);
			inputPaths = (
			);
			name = "Pack Client for xcode";
			outputFileListPaths = (
			);
			outputPaths = (
			);
			runOnlyForDeploymentPostprocessing = 0;
			shellPath = /bin/sh;
			shellScript = "cd \"$SRCROOT/../common/client/build/xcode-frameworks\" ./gradlew :common:client:packForXcode -PXCODE_CONFIGURATION=${CONFIGURATION}\n";
		};
/* End PBXShellScriptBuildPhase section */

/* Begin PBXSourcesBuildPhase section */
		D5505C0F23EEF50D007FDBDF /* Sources */ = {
			isa = PBXSourcesBuildPhase;
			buildActionMask = 2147483647;
			files = (
				D5505C1B23EEF50D007FDBDF /* HostingController.swift in Sources */,
				D5505C1923EEF50D007FDBDF /* ContentView.swift in Sources */,
				D5505C1F23EEF50D007FDBDF /* NotificationController.swift in Sources */,
				D5505C1D23EEF50D007FDBDF /* ExtensionDelegate.swift in Sources */,
				D5505C2123EEF50D007FDBDF /* NotificationView.swift in Sources */,
			);
			runOnlyForDeploymentPostprocessing = 0;
		};
		D5AA2E7522B47D1000EDD654 /* Sources */ = {
			isa = PBXSourcesBuildPhase;
			buildActionMask = 2147483647;
			files = (
				D5A5E0B0235DFDDE0035F58C /* ChatScreen.swift in Sources */,
				D5AA2E7D22B47D1000EDD654 /* AppDelegate.swift in Sources */,
				D5A5E0B2235E16C10035F58C /* ChatController.swift in Sources */,
				D54051E22363D7AF00A0B56A /* WelcomeScreen.swift in Sources */,
				D5A5E0B4235E20BA0035F58C /* SceneDelegate.swift in Sources */,
			);
			runOnlyForDeploymentPostprocessing = 0;
		};
		D5AA2E8922B47D1100EDD654 /* Sources */ = {
			isa = PBXSourcesBuildPhase;
			buildActionMask = 2147483647;
			files = (
				D5AA2E9222B47D1100EDD654 /* iosTests.swift in Sources */,
			);
			runOnlyForDeploymentPostprocessing = 0;
		};
		D5AA2E9422B47D1100EDD654 /* Sources */ = {
			isa = PBXSourcesBuildPhase;
			buildActionMask = 2147483647;
			files = (
				D5AA2E9D22B47D1100EDD654 /* iosUITests.swift in Sources */,
			);
			runOnlyForDeploymentPostprocessing = 0;
		};
/* End PBXSourcesBuildPhase section */

/* Begin PBXTargetDependency section */
		D5505C1623EEF50D007FDBDF /* PBXTargetDependency */ = {
			isa = PBXTargetDependency;
			target = D5505C1223EEF50D007FDBDF /* ChatWatch Extension */;
			targetProxy = D5505C1523EEF50D007FDBDF /* PBXContainerItemProxy */;
		};
		D5505C2A23EEF50D007FDBDF /* PBXTargetDependency */ = {
			isa = PBXTargetDependency;
			target = D5505C0623EEF509007FDBDF /* ChatWatch */;
			targetProxy = D5505C2923EEF50D007FDBDF /* PBXContainerItemProxy */;
		};
		D5AA2E8F22B47D1100EDD654 /* PBXTargetDependency */ = {
			isa = PBXTargetDependency;
			target = D5AA2E7822B47D1000EDD654 /* ios */;
			targetProxy = D5AA2E8E22B47D1100EDD654 /* PBXContainerItemProxy */;
		};
		D5AA2E9A22B47D1100EDD654 /* PBXTargetDependency */ = {
			isa = PBXTargetDependency;
			target = D5AA2E7822B47D1000EDD654 /* ios */;
			targetProxy = D5AA2E9922B47D1100EDD654 /* PBXContainerItemProxy */;
		};
/* End PBXTargetDependency section */

/* Begin PBXVariantGroup section */
		D5505C0923EEF509007FDBDF /* Interface.storyboard */ = {
			isa = PBXVariantGroup;
			children = (
				D5505C0A23EEF509007FDBDF /* Base */,
			);
			name = Interface.storyboard;
			sourceTree = "<group>";
		};
		D5AA2E8522B47D1100EDD654 /* LaunchScreen.storyboard */ = {
			isa = PBXVariantGroup;
			children = (
				D5AA2E8622B47D1100EDD654 /* Base */,
			);
			name = LaunchScreen.storyboard;
			sourceTree = "<group>";
		};
/* End PBXVariantGroup section */

/* Begin XCBuildConfiguration section */
		D5505C2D23EEF50D007FDBDF /* Debug */ = {
			isa = XCBuildConfiguration;
			buildSettings = {
				ALWAYS_EMBED_SWIFT_STANDARD_LIBRARIES = YES;
				ALWAYS_SEARCH_USER_PATHS = NO;
				ASSETCATALOG_COMPILER_APPICON_NAME = AppIcon;
				CODE_SIGN_STYLE = Automatic;
				IBSC_MODULE = ChatWatch_Extension;
				INFOPLIST_FILE = ChatWatch/Info.plist;
				PRODUCT_BUNDLE_IDENTIFIER = com.github.felipehjcosta.chatapp.ios.watchkitapp;
				PRODUCT_NAME = "$(TARGET_NAME)";
				SDKROOT = watchos;
				SKIP_INSTALL = YES;
				SWIFT_VERSION = 5.0;
				TARGETED_DEVICE_FAMILY = 4;
				WATCHOS_DEPLOYMENT_TARGET = 6.1;
			};
			name = Debug;
		};
		D5505C2E23EEF50D007FDBDF /* Release */ = {
			isa = XCBuildConfiguration;
			buildSettings = {
				ALWAYS_EMBED_SWIFT_STANDARD_LIBRARIES = YES;
				ALWAYS_SEARCH_USER_PATHS = NO;
				ASSETCATALOG_COMPILER_APPICON_NAME = AppIcon;
				CODE_SIGN_STYLE = Automatic;
				IBSC_MODULE = ChatWatch_Extension;
				INFOPLIST_FILE = ChatWatch/Info.plist;
				PRODUCT_BUNDLE_IDENTIFIER = com.github.felipehjcosta.chatapp.ios.watchkitapp;
				PRODUCT_NAME = "$(TARGET_NAME)";
				SDKROOT = watchos;
				SKIP_INSTALL = YES;
				SWIFT_VERSION = 5.0;
				TARGETED_DEVICE_FAMILY = 4;
				WATCHOS_DEPLOYMENT_TARGET = 6.1;
			};
			name = Release;
		};
		D5505C3023EEF50D007FDBDF /* Debug */ = {
			isa = XCBuildConfiguration;
			buildSettings = {
				ALWAYS_SEARCH_USER_PATHS = NO;
				ASSETCATALOG_COMPILER_COMPLICATION_NAME = Complication;
				CODE_SIGN_STYLE = Automatic;
				DEVELOPMENT_ASSET_PATHS = "\"ChatWatch Extension/Preview Content\"";
				ENABLE_PREVIEWS = YES;
				INFOPLIST_FILE = "ChatWatch Extension/Info.plist";
				LD_RUNPATH_SEARCH_PATHS = (
					"$(inherited)",
					"@executable_path/Frameworks",
					"@executable_path/../../Frameworks",
				);
				PRODUCT_BUNDLE_IDENTIFIER = com.github.felipehjcosta.chatapp.ios.watchkitapp.watchkitextension;
				PRODUCT_NAME = "${TARGET_NAME}";
				SDKROOT = watchos;
				SKIP_INSTALL = YES;
				SWIFT_VERSION = 5.0;
				TARGETED_DEVICE_FAMILY = 4;
				WATCHOS_DEPLOYMENT_TARGET = 6.0;
			};
			name = Debug;
		};
		D5505C3123EEF50D007FDBDF /* Release */ = {
			isa = XCBuildConfiguration;
			buildSettings = {
				ALWAYS_SEARCH_USER_PATHS = NO;
				ASSETCATALOG_COMPILER_COMPLICATION_NAME = Complication;
				CODE_SIGN_STYLE = Automatic;
				DEVELOPMENT_ASSET_PATHS = "\"ChatWatch Extension/Preview Content\"";
				ENABLE_PREVIEWS = YES;
				INFOPLIST_FILE = "ChatWatch Extension/Info.plist";
				LD_RUNPATH_SEARCH_PATHS = (
					"$(inherited)",
					"@executable_path/Frameworks",
					"@executable_path/../../Frameworks",
				);
				PRODUCT_BUNDLE_IDENTIFIER = com.github.felipehjcosta.chatapp.ios.watchkitapp.watchkitextension;
				PRODUCT_NAME = "${TARGET_NAME}";
				SDKROOT = watchos;
				SKIP_INSTALL = YES;
				SWIFT_VERSION = 5.0;
				TARGETED_DEVICE_FAMILY = 4;
				WATCHOS_DEPLOYMENT_TARGET = 6.0;
			};
			name = Release;
		};
		D5AA2E9F22B47D1100EDD654 /* Debug */ = {
			isa = XCBuildConfiguration;
			buildSettings = {
				ALWAYS_EMBED_SWIFT_STANDARD_LIBRARIES = "$(inherited)";
				ALWAYS_SEARCH_USER_PATHS = "$(inherited)";
				CLANG_ANALYZER_NONNULL = YES;
				CLANG_ANALYZER_NUMBER_OBJECT_CONVERSION = YES_AGGRESSIVE;
				CLANG_CXX_LANGUAGE_STANDARD = "gnu++14";
				CLANG_CXX_LIBRARY = "libc++";
				CLANG_ENABLE_MODULES = YES;
				CLANG_ENABLE_OBJC_ARC = YES;
				CLANG_ENABLE_OBJC_WEAK = YES;
				CLANG_WARN_BLOCK_CAPTURE_AUTORELEASING = YES;
				CLANG_WARN_BOOL_CONVERSION = YES;
				CLANG_WARN_COMMA = YES;
				CLANG_WARN_CONSTANT_CONVERSION = YES;
				CLANG_WARN_DEPRECATED_OBJC_IMPLEMENTATIONS = YES;
				CLANG_WARN_DIRECT_OBJC_ISA_USAGE = YES_ERROR;
				CLANG_WARN_DOCUMENTATION_COMMENTS = YES;
				CLANG_WARN_EMPTY_BODY = YES;
				CLANG_WARN_ENUM_CONVERSION = YES;
				CLANG_WARN_INFINITE_RECURSION = YES;
				CLANG_WARN_INT_CONVERSION = YES;
				CLANG_WARN_NON_LITERAL_NULL_CONVERSION = YES;
				CLANG_WARN_OBJC_IMPLICIT_RETAIN_SELF = YES;
				CLANG_WARN_OBJC_LITERAL_CONVERSION = YES;
				CLANG_WARN_OBJC_ROOT_CLASS = YES_ERROR;
				CLANG_WARN_RANGE_LOOP_ANALYSIS = YES;
				CLANG_WARN_STRICT_PROTOTYPES = YES;
				CLANG_WARN_SUSPICIOUS_MOVE = YES;
				CLANG_WARN_UNGUARDED_AVAILABILITY = YES_AGGRESSIVE;
				CLANG_WARN_UNREACHABLE_CODE = YES;
				CLANG_WARN__DUPLICATE_METHOD_MATCH = YES;
				CODE_SIGN_IDENTITY = "iPhone Developer";
				COPY_PHASE_STRIP = NO;
				DEBUG_INFORMATION_FORMAT = dwarf;
				ENABLE_STRICT_OBJC_MSGSEND = YES;
				ENABLE_TESTABILITY = YES;
				GCC_C_LANGUAGE_STANDARD = gnu11;
				GCC_DYNAMIC_NO_PIC = NO;
				GCC_NO_COMMON_BLOCKS = YES;
				GCC_OPTIMIZATION_LEVEL = 0;
				GCC_PREPROCESSOR_DEFINITIONS = (
					"DEBUG=1",
					"$(inherited)",
				);
				GCC_WARN_64_TO_32_BIT_CONVERSION = YES;
				GCC_WARN_ABOUT_RETURN_TYPE = YES_ERROR;
				GCC_WARN_UNDECLARED_SELECTOR = YES;
				GCC_WARN_UNINITIALIZED_AUTOS = YES_AGGRESSIVE;
				GCC_WARN_UNUSED_FUNCTION = YES;
				GCC_WARN_UNUSED_VARIABLE = YES;
				IPHONEOS_DEPLOYMENT_TARGET = 13.0;
				MTL_ENABLE_DEBUG_INFO = INCLUDE_SOURCE;
				MTL_FAST_MATH = YES;
				ONLY_ACTIVE_ARCH = YES;
				SDKROOT = iphoneos;
				SWIFT_ACTIVE_COMPILATION_CONDITIONS = DEBUG;
				SWIFT_OPTIMIZATION_LEVEL = "-Onone";
			};
			name = Debug;
		};
		D5AA2EA022B47D1100EDD654 /* Release */ = {
			isa = XCBuildConfiguration;
			buildSettings = {
				ALWAYS_EMBED_SWIFT_STANDARD_LIBRARIES = "$(inherited)";
				ALWAYS_SEARCH_USER_PATHS = "$(inherited)";
				CLANG_ANALYZER_NONNULL = YES;
				CLANG_ANALYZER_NUMBER_OBJECT_CONVERSION = YES_AGGRESSIVE;
				CLANG_CXX_LANGUAGE_STANDARD = "gnu++14";
				CLANG_CXX_LIBRARY = "libc++";
				CLANG_ENABLE_MODULES = YES;
				CLANG_ENABLE_OBJC_ARC = YES;
				CLANG_ENABLE_OBJC_WEAK = YES;
				CLANG_WARN_BLOCK_CAPTURE_AUTORELEASING = YES;
				CLANG_WARN_BOOL_CONVERSION = YES;
				CLANG_WARN_COMMA = YES;
				CLANG_WARN_CONSTANT_CONVERSION = YES;
				CLANG_WARN_DEPRECATED_OBJC_IMPLEMENTATIONS = YES;
				CLANG_WARN_DIRECT_OBJC_ISA_USAGE = YES_ERROR;
				CLANG_WARN_DOCUMENTATION_COMMENTS = YES;
				CLANG_WARN_EMPTY_BODY = YES;
				CLANG_WARN_ENUM_CONVERSION = YES;
				CLANG_WARN_INFINITE_RECURSION = YES;
				CLANG_WARN_INT_CONVERSION = YES;
				CLANG_WARN_NON_LITERAL_NULL_CONVERSION = YES;
				CLANG_WARN_OBJC_IMPLICIT_RETAIN_SELF = YES;
				CLANG_WARN_OBJC_LITERAL_CONVERSION = YES;
				CLANG_WARN_OBJC_ROOT_CLASS = YES_ERROR;
				CLANG_WARN_RANGE_LOOP_ANALYSIS = YES;
				CLANG_WARN_STRICT_PROTOTYPES = YES;
				CLANG_WARN_SUSPICIOUS_MOVE = YES;
				CLANG_WARN_UNGUARDED_AVAILABILITY = YES_AGGRESSIVE;
				CLANG_WARN_UNREACHABLE_CODE = YES;
				CLANG_WARN__DUPLICATE_METHOD_MATCH = YES;
				CODE_SIGN_IDENTITY = "iPhone Developer";
				COPY_PHASE_STRIP = NO;
				DEBUG_INFORMATION_FORMAT = "dwarf-with-dsym";
				ENABLE_NS_ASSERTIONS = NO;
				ENABLE_STRICT_OBJC_MSGSEND = YES;
				GCC_C_LANGUAGE_STANDARD = gnu11;
				GCC_NO_COMMON_BLOCKS = YES;
				GCC_WARN_64_TO_32_BIT_CONVERSION = YES;
				GCC_WARN_ABOUT_RETURN_TYPE = YES_ERROR;
				GCC_WARN_UNDECLARED_SELECTOR = YES;
				GCC_WARN_UNINITIALIZED_AUTOS = YES_AGGRESSIVE;
				GCC_WARN_UNUSED_FUNCTION = YES;
				GCC_WARN_UNUSED_VARIABLE = YES;
				IPHONEOS_DEPLOYMENT_TARGET = 13.0;
				MTL_ENABLE_DEBUG_INFO = NO;
				MTL_FAST_MATH = YES;
				SDKROOT = iphoneos;
				SWIFT_COMPILATION_MODE = wholemodule;
				SWIFT_OPTIMIZATION_LEVEL = "-O";
				VALIDATE_PRODUCT = YES;
			};
			name = Release;
		};
		D5AA2EA222B47D1100EDD654 /* Debug */ = {
			isa = XCBuildConfiguration;
			buildSettings = {
				ASSETCATALOG_COMPILER_APPICON_NAME = AppIcon;
				CODE_SIGN_STYLE = Automatic;
				FRAMEWORK_SEARCH_PATHS = "$(SRCROOT)/../common/client/build/xcode-frameworks/**";
				INFOPLIST_FILE = ios/Info.plist;
				IPHONEOS_DEPLOYMENT_TARGET = 13.0;
				LD_RUNPATH_SEARCH_PATHS = (
					"$(inherited)",
					"@executable_path/Frameworks",
				);
				PRODUCT_BUNDLE_IDENTIFIER = com.github.felipehjcosta.chatapp.ios;
				PRODUCT_NAME = "$(TARGET_NAME)";
				SWIFT_VERSION = 5.0;
				TARGETED_DEVICE_FAMILY = "1,2";
			};
			name = Debug;
		};
		D5AA2EA322B47D1100EDD654 /* Release */ = {
			isa = XCBuildConfiguration;
			buildSettings = {
				ASSETCATALOG_COMPILER_APPICON_NAME = AppIcon;
				CODE_SIGN_STYLE = Automatic;
				FRAMEWORK_SEARCH_PATHS = "$(SRCROOT)/../common/client/build/xcode-frameworks/**";
				INFOPLIST_FILE = ios/Info.plist;
				IPHONEOS_DEPLOYMENT_TARGET = 13.0;
				LD_RUNPATH_SEARCH_PATHS = (
					"$(inherited)",
					"@executable_path/Frameworks",
				);
				PRODUCT_BUNDLE_IDENTIFIER = com.github.felipehjcosta.chatapp.ios;
				PRODUCT_NAME = "$(TARGET_NAME)";
				SWIFT_VERSION = 5.0;
				TARGETED_DEVICE_FAMILY = "1,2";
			};
			name = Release;
		};
		D5AA2EA522B47D1100EDD654 /* Debug */ = {
			isa = XCBuildConfiguration;
			buildSettings = {
				ALWAYS_EMBED_SWIFT_STANDARD_LIBRARIES = "$(inherited)";
				BUNDLE_LOADER = "$(TEST_HOST)";
				CODE_SIGN_STYLE = Automatic;
				INFOPLIST_FILE = iosTests/Info.plist;
				LD_RUNPATH_SEARCH_PATHS = (
					"$(inherited)",
					"@executable_path/Frameworks",
					"@loader_path/Frameworks",
				);
				PRODUCT_BUNDLE_IDENTIFIER = com.github.felipehjcosta.chatapp.iosTests;
				PRODUCT_NAME = "$(TARGET_NAME)";
				SWIFT_VERSION = 5.0;
				TARGETED_DEVICE_FAMILY = "1,2";
				TEST_HOST = "$(BUILT_PRODUCTS_DIR)/ios.app/ios";
			};
			name = Debug;
		};
		D5AA2EA622B47D1100EDD654 /* Release */ = {
			isa = XCBuildConfiguration;
			buildSettings = {
				ALWAYS_EMBED_SWIFT_STANDARD_LIBRARIES = "$(inherited)";
				BUNDLE_LOADER = "$(TEST_HOST)";
				CODE_SIGN_STYLE = Automatic;
				INFOPLIST_FILE = iosTests/Info.plist;
				LD_RUNPATH_SEARCH_PATHS = (
					"$(inherited)",
					"@executable_path/Frameworks",
					"@loader_path/Frameworks",
				);
				PRODUCT_BUNDLE_IDENTIFIER = com.github.felipehjcosta.chatapp.iosTests;
				PRODUCT_NAME = "$(TARGET_NAME)";
				SWIFT_VERSION = 5.0;
				TARGETED_DEVICE_FAMILY = "1,2";
				TEST_HOST = "$(BUILT_PRODUCTS_DIR)/ios.app/ios";
			};
			name = Release;
		};
		D5AA2EA822B47D1100EDD654 /* Debug */ = {
			isa = XCBuildConfiguration;
			buildSettings = {
				ALWAYS_EMBED_SWIFT_STANDARD_LIBRARIES = "$(inherited)";
				CODE_SIGN_STYLE = Automatic;
				INFOPLIST_FILE = iosUITests/Info.plist;
				LD_RUNPATH_SEARCH_PATHS = (
					"$(inherited)",
					"@executable_path/Frameworks",
					"@loader_path/Frameworks",
				);
				PRODUCT_BUNDLE_IDENTIFIER = com.github.felipehjcosta.chatapp.iosUITests;
				PRODUCT_NAME = "$(TARGET_NAME)";
				SWIFT_VERSION = 5.0;
				TARGETED_DEVICE_FAMILY = "1,2";
				TEST_TARGET_NAME = ios;
			};
			name = Debug;
		};
		D5AA2EA922B47D1100EDD654 /* Release */ = {
			isa = XCBuildConfiguration;
			buildSettings = {
				ALWAYS_EMBED_SWIFT_STANDARD_LIBRARIES = "$(inherited)";
				CODE_SIGN_STYLE = Automatic;
				INFOPLIST_FILE = iosUITests/Info.plist;
				LD_RUNPATH_SEARCH_PATHS = (
					"$(inherited)",
					"@executable_path/Frameworks",
					"@loader_path/Frameworks",
				);
				PRODUCT_BUNDLE_IDENTIFIER = com.github.felipehjcosta.chatapp.iosUITests;
				PRODUCT_NAME = "$(TARGET_NAME)";
				SWIFT_VERSION = 5.0;
				TARGETED_DEVICE_FAMILY = "1,2";
				TEST_TARGET_NAME = ios;
			};
			name = Release;
		};
/* End XCBuildConfiguration section */

/* Begin XCConfigurationList section */
		D5505C3223EEF50D007FDBDF /* Build configuration list for PBXNativeTarget "ChatWatch Extension" */ = {
			isa = XCConfigurationList;
			buildConfigurations = (
				D5505C3023EEF50D007FDBDF /* Debug */,
				D5505C3123EEF50D007FDBDF /* Release */,
			);
			defaultConfigurationIsVisible = 0;
			defaultConfigurationName = Release;
		};
		D5505C3323EEF50D007FDBDF /* Build configuration list for PBXNativeTarget "ChatWatch" */ = {
			isa = XCConfigurationList;
			buildConfigurations = (
				D5505C2D23EEF50D007FDBDF /* Debug */,
				D5505C2E23EEF50D007FDBDF /* Release */,
			);
			defaultConfigurationIsVisible = 0;
			defaultConfigurationName = Release;
		};
		D5AA2E7422B47D1000EDD654 /* Build configuration list for PBXProject "ios" */ = {
			isa = XCConfigurationList;
			buildConfigurations = (
				D5AA2E9F22B47D1100EDD654 /* Debug */,
				D5AA2EA022B47D1100EDD654 /* Release */,
			);
			defaultConfigurationIsVisible = 0;
			defaultConfigurationName = Release;
		};
		D5AA2EA122B47D1100EDD654 /* Build configuration list for PBXNativeTarget "ios" */ = {
			isa = XCConfigurationList;
			buildConfigurations = (
				D5AA2EA222B47D1100EDD654 /* Debug */,
				D5AA2EA322B47D1100EDD654 /* Release */,
			);
			defaultConfigurationIsVisible = 0;
			defaultConfigurationName = Release;
		};
		D5AA2EA422B47D1100EDD654 /* Build configuration list for PBXNativeTarget "iosTests" */ = {
			isa = XCConfigurationList;
			buildConfigurations = (
				D5AA2EA522B47D1100EDD654 /* Debug */,
				D5AA2EA622B47D1100EDD654 /* Release */,
			);
			defaultConfigurationIsVisible = 0;
			defaultConfigurationName = Release;
		};
		D5AA2EA722B47D1100EDD654 /* Build configuration list for PBXNativeTarget "iosUITests" */ = {
			isa = XCConfigurationList;
			buildConfigurations = (
				D5AA2EA822B47D1100EDD654 /* Debug */,
				D5AA2EA922B47D1100EDD654 /* Release */,
			);
			defaultConfigurationIsVisible = 0;
			defaultConfigurationName = Release;
		};
/* End XCConfigurationList section */
	};
	rootObject = D5AA2E7122B47D1000EDD654 /* Project object */;
}
