PODS:
  - client (0.1.0):
    - SocketRocket (= 0.5.1)
  - clientTest (0.1.0):
    - SocketRocket (= 0.5.1)
  - SocketRocket (0.5.1)

DEPENDENCIES:
  - client (from `../common/client`)
  - clientTest (from `../common/client`)

SPEC REPOS:
  https://github.com/cocoapods/specs.git:
    - SocketRocket

EXTERNAL SOURCES:
  client:
    :path: "../common/client"
  clientTest:
    :path: "../common/client"

SPEC CHECKSUMS:
  client: dfa76b9054243ca4cf06c506167db28bf0a966df
  clientTest: 0ced31de04d697c648ccf101c7e825534997f898
  SocketRocket: d57c7159b83c3c6655745cd15302aa24b6bae531

PODFILE CHECKSUM: 5eb2ef2007b5e03dd24be529fec37f689e9ecf91

COCOAPODS: 1.7.5
